
Microsoft Visual Studio Solution File, Format Version 12.00
# Visual Studio Version 17
VisualStudioVersion = 17.7.34202.233
MinimumVisualStudioVersion = 10.0.40219.1
Project("{FAE04EC0-301F-11D3-BF4B-00C04F79EFBC}") = "PiD5.1", "PiD5.1.csproj", "{59AF9C56-B105-4434-93B1-42CB96EC649B}"
EndProject
Global
	GlobalSection(SolutionConfigurationPlatforms) = preSolution
		Debug|Any CPU = Debug|Any CPU
		Release|Any CPU = Release|Any CPU
	EndGlobalSection
	GlobalSection(ProjectConfigurationPlatforms) = postSolution
		{59AF9C56-B105-4434-93B1-42CB96EC649B}.Debug|Any CPU.ActiveCfg = Debug|Any CPU
		{59AF9C56-B105-4434-93B1-42CB96EC649B}.Debug|Any CPU.Build.0 = Debug|Any CPU
		{59AF9C56-B105-4434-93B1-42CB96EC649B}.Release|Any CPU.ActiveCfg = Release|Any CPU
		{59AF9C56-B105-4434-93B1-42CB96EC649B}.Release|Any CPU.Build.0 = Release|Any CPU
	EndGlobalSection
	GlobalSection(SolutionProperties) = preSolution
		HideSolutionNode = FALSE
	EndGlobalSection
	GlobalSection(ExtensibilityGlobals) = postSolution
		SolutionGuid = {ACF7DA51-7A4B-42A3-8FA6-C00AF495F91E}
	EndGlobalSection
EndGlobal
